
Microsoft Visual Studio Solution File, Format Version 12.00
# Visual Studio Version 16
VisualStudioVersion = 16.0.31019.35
MinimumVisualStudioVersion = 10.0.40219.1
Project("{FAE04EC0-301F-11D3-BF4B-00C04F79EFBC}") = "Revit.Plugins", "Revit.Plugins\Revit.Plugins.csproj", "{7126DAF7-25D4-422E-93F4-BC29F94B0D6D}"
EndProject
Global
	GlobalSection(SolutionConfigurationPlatforms) = preSolution
		Debug|Any CPU = Debug|Any CPU
		Release|Any CPU = Release|Any CPU
	EndGlobalSection
	GlobalSection(ProjectConfigurationPlatforms) = postSolution
		{7126DAF7-25D4-422E-93F4-BC29F94B0D6D}.Debug|Any CPU.ActiveCfg = Debug|Any CPU
		{7126DAF7-25D4-422E-93F4-BC29F94B0D6D}.Debug|Any CPU.Build.0 = Debug|Any CPU
		{7126DAF7-25D4-422E-93F4-BC29F94B0D6D}.Release|Any CPU.ActiveCfg = Release|Any CPU
		{7126DAF7-25D4-422E-93F4-BC29F94B0D6D}.Release|Any CPU.Build.0 = Release|Any CPU
	EndGlobalSection
	GlobalSection(SolutionProperties) = preSolution
		HideSolutionNode = FALSE
	EndGlobalSection
	GlobalSection(ExtensibilityGlobals) = postSolution
		SolutionGuid = {035DAE6B-EE47-4BA8-8586-1225D18272BC}
	EndGlobalSection
EndGlobal
